
Microsoft Visual Studio Solution File, Format Version 12.00
# Visual Studio Version 17
VisualStudioVersion = 17.6.33723.286
MinimumVisualStudioVersion = 10.0.40219.1
Project("{FAE04EC0-301F-11D3-BF4B-00C04F79EFBC}") = "IP-Batch-API", "IP-Batch-API.csproj", "{929CB396-66CD-4992-8D2E-0958194244A1}"
EndProject
Global
	GlobalSection(SolutionConfigurationPlatforms) = preSolution
		Debug|Any CPU = Debug|Any CPU
		Release|Any CPU = Release|Any CPU
	EndGlobalSection
	GlobalSection(ProjectConfigurationPlatforms) = postSolution
		{929CB396-66CD-4992-8D2E-0958194244A1}.Debug|Any CPU.ActiveCfg = Debug|Any CPU
		{929CB396-66CD-4992-8D2E-0958194244A1}.Debug|Any CPU.Build.0 = Debug|Any CPU
		{929CB396-66CD-4992-8D2E-0958194244A1}.Release|Any CPU.ActiveCfg = Release|Any CPU
		{929CB396-66CD-4992-8D2E-0958194244A1}.Release|Any CPU.Build.0 = Release|Any CPU
	EndGlobalSection
	GlobalSection(SolutionProperties) = preSolution
		HideSolutionNode = FALSE
	EndGlobalSection
	GlobalSection(ExtensibilityGlobals) = postSolution
		SolutionGuid = {89FED350-F275-488D-838B-6BEF0653D476}
	EndGlobalSection
EndGlobal
